// !$*UTF8*$!
{
	archiveVersion = 1;
	classes = {
	};
	objectVersion = 50;
	objects = {

/* Begin PBXBuildFile section */
		621A232A242A36BF0033E646 /* bounce.cpp in Sources */ = {isa = PBXBuildFile; fileRef = 621A2329242A36BF0033E646 /* bounce.cpp */; };
		621A233F242A36CB0033E646 /* OpenGL.framework in Frameworks */ = {isa = PBXBuildFile; fileRef = 621A233E242A36CB0033E646 /* OpenGL.framework */; };
		621A2341242A36CF0033E646 /* GLUT.framework in Frameworks */ = {isa = PBXBuildFile; fileRef = 621A2340242A36CF0033E646 /* GLUT.framework */; };
		621A2342242A36D30033E646 /* libGLTools.a in Frameworks */ = {isa = PBXBuildFile; fileRef = 621A233C242A36C60033E646 /* libGLTools.a */; };
/* End PBXBuildFile section */

/* Begin PBXCopyFilesBuildPhase section */
		621A231D242A36980033E646 /* CopyFiles */ = {
			isa = PBXCopyFilesBuildPhase;
			buildActionMask = 2147483647;
			dstPath = /usr/share/man/man1/;
			dstSubfolderSpec = 0;
			files = (
			);
			runOnlyForDeploymentPostprocessing = 1;
		};
/* End PBXCopyFilesBuildPhase section */

/* Begin PBXFileReference section */
		621A231F242A36980033E646 /* chap2_bounce */ = {isa = PBXFileReference; explicitFileType = "compiled.mach-o.executable"; includeInIndex = 0; path = chap2_bounce; sourceTree = BUILT_PRODUCTS_DIR; };
		621A2329242A36BF0033E646 /* bounce.cpp */ = {isa = PBXFileReference; fileEncoding = 4; lastKnownFileType = sourcecode.cpp.cpp; path = bounce.cpp; sourceTree = "<group>"; };
		621A232D242A36C60033E646 /* GLBatchBase.h */ = {isa = PBXFileReference; lastKnownFileType = sourcecode.c.h; path = GLBatchBase.h; sourceTree = "<group>"; };
		621A232E242A36C60033E646 /* math3d.h */ = {isa = PBXFileReference; lastKnownFileType = sourcecode.c.h; path = math3d.h; sourceTree = "<group>"; };
		621A232F242A36C60033E646 /* GLTriangleBatch.h */ = {isa = PBXFileReference; lastKnownFileType = sourcecode.c.h; path = GLTriangleBatch.h; sourceTree = "<group>"; };
		621A2330242A36C60033E646 /* GLBatch.h */ = {isa = PBXFileReference; lastKnownFileType = sourcecode.c.h; path = GLBatch.h; sourceTree = "<group>"; };
		621A2331242A36C60033E646 /* GLMatrixStack.h */ = {isa = PBXFileReference; lastKnownFileType = sourcecode.c.h; path = GLMatrixStack.h; sourceTree = "<group>"; };
		621A2332242A36C60033E646 /* GLFrame.h */ = {isa = PBXFileReference; lastKnownFileType = sourcecode.c.h; path = GLFrame.h; sourceTree = "<group>"; };
		621A2333242A36C60033E646 /* GLFrustum.h */ = {isa = PBXFileReference; lastKnownFileType = sourcecode.c.h; path = GLFrustum.h; sourceTree = "<group>"; };
		621A2334242A36C60033E646 /* GLGeometryTransform.h */ = {isa = PBXFileReference; lastKnownFileType = sourcecode.c.h; path = GLGeometryTransform.h; sourceTree = "<group>"; };
		621A2335242A36C60033E646 /* GLShaderManager.h */ = {isa = PBXFileReference; lastKnownFileType = sourcecode.c.h; path = GLShaderManager.h; sourceTree = "<group>"; };
		621A2336242A36C60033E646 /* StopWatch.h */ = {isa = PBXFileReference; lastKnownFileType = sourcecode.c.h; path = StopWatch.h; sourceTree = "<group>"; };
		621A2338242A36C60033E646 /* glxew.h */ = {isa = PBXFileReference; lastKnownFileType = sourcecode.c.h; path = glxew.h; sourceTree = "<group>"; };
		621A2339242A36C60033E646 /* wglew.h */ = {isa = PBXFileReference; lastKnownFileType = sourcecode.c.h; path = wglew.h; sourceTree = "<group>"; };
		621A233A242A36C60033E646 /* glew.h */ = {isa = PBXFileReference; lastKnownFileType = sourcecode.c.h; path = glew.h; sourceTree = "<group>"; };
		621A233B242A36C60033E646 /* GLTools.h */ = {isa = PBXFileReference; lastKnownFileType = sourcecode.c.h; path = GLTools.h; sourceTree = "<group>"; };
		621A233C242A36C60033E646 /* libGLTools.a */ = {isa = PBXFileReference; lastKnownFileType = archive.ar; path = libGLTools.a; sourceTree = "<group>"; };
		621A233E242A36CB0033E646 /* OpenGL.framework */ = {isa = PBXFileReference; lastKnownFileType = wrapper.framework; name = OpenGL.framework; path = System/Library/Frameworks/OpenGL.framework; sourceTree = SDKROOT; };
		621A2340242A36CF0033E646 /* GLUT.framework */ = {isa = PBXFileReference; lastKnownFileType = wrapper.framework; name = GLUT.framework; path = System/Library/Frameworks/GLUT.framework; sourceTree = SDKROOT; };
/* End PBXFileReference section */

/* Begin PBXFrameworksBuildPhase section */
		621A231C242A36980033E646 /* Frameworks */ = {
			isa = PBXFrameworksBuildPhase;
			buildActionMask = 2147483647;
			files = (
				621A2342242A36D30033E646 /* libGLTools.a in Frameworks */,
				621A2341242A36CF0033E646 /* GLUT.framework in Frameworks */,
				621A233F242A36CB0033E646 /* OpenGL.framework in Frameworks */,
			);
			runOnlyForDeploymentPostprocessing = 0;
		};
/* End PBXFrameworksBuildPhase section */

/* Begin PBXGroup section */
		621A2316242A36980033E646 = {
			isa = PBXGroup;
			children = (
				621A232B242A36C60033E646 /* GLTools */,
				621A2321242A36980033E646 /* chap2_bounce */,
				621A2320242A36980033E646 /* Products */,
				621A233D242A36CB0033E646 /* Frameworks */,
			);
			sourceTree = "<group>";
		};
		621A2320242A36980033E646 /* Products */ = {
			isa = PBXGroup;
			children = (
				621A231F242A36980033E646 /* chap2_bounce */,
			);
			name = Products;
			sourceTree = "<group>";
		};
		621A2321242A36980033E646 /* chap2_bounce */ = {
			isa = PBXGroup;
			children = (
				621A2329242A36BF0033E646 /* bounce.cpp */,
			);
			path = chap2_bounce;
			sourceTree = "<group>";
		};
		621A232B242A36C60033E646 /* GLTools */ = {
			isa = PBXGroup;
			children = (
				621A232C242A36C60033E646 /* include */,
				621A233C242A36C60033E646 /* libGLTools.a */,
			);
			name = GLTools;
			path = ../GLTools;
			sourceTree = "<group>";
		};
		621A232C242A36C60033E646 /* include */ = {
			isa = PBXGroup;
			children = (
				621A232D242A36C60033E646 /* GLBatchBase.h */,
				621A232E242A36C60033E646 /* math3d.h */,
				621A232F242A36C60033E646 /* GLTriangleBatch.h */,
				621A2330242A36C60033E646 /* GLBatch.h */,
				621A2331242A36C60033E646 /* GLMatrixStack.h */,
				621A2332242A36C60033E646 /* GLFrame.h */,
				621A2333242A36C60033E646 /* GLFrustum.h */,
				621A2334242A36C60033E646 /* GLGeometryTransform.h */,
				621A2335242A36C60033E646 /* GLShaderManager.h */,
				621A2336242A36C60033E646 /* StopWatch.h */,
				621A2337242A36C60033E646 /* GL */,
				621A233B242A36C60033E646 /* GLTools.h */,
			);
			path = include;
			sourceTree = "<group>";
		};
		621A2337242A36C60033E646 /* GL */ = {
			isa = PBXGroup;
			children = (
				621A2338242A36C60033E646 /* glxew.h */,
				621A2339242A36C60033E646 /* wglew.h */,
				621A233A242A36C60033E646 /* glew.h */,
			);
			path = GL;
			sourceTree = "<group>";
		};
		621A233D242A36CB0033E646 /* Frameworks */ = {
			isa = PBXGroup;
			children = (
				621A2340242A36CF0033E646 /* GLUT.framework */,
				621A233E242A36CB0033E646 /* OpenGL.framework */,
			);
			name = Frameworks;
			sourceTree = "<group>";
		};
/* End PBXGroup section */

/* Begin PBXNativeTarget section */
		621A231E242A36980033E646 /* chap2_bounce */ = {
			isa = PBXNativeTarget;
			buildConfigurationList = 621A2326242A36980033E646 /* Build configuration list for PBXNativeTarget "chap2_bounce" */;
			buildPhases = (
				621A231B242A36980033E646 /* Sources */,
				621A231C242A36980033E646 /* Frameworks */,
				621A231D242A36980033E646 /* CopyFiles */,
			);
			buildRules = (
			);
			dependencies = (
			);
			name = chap2_bounce;
			productName = chap2_bounce;
			productReference = 621A231F242A36980033E646 /* chap2_bounce */;
			productType = "com.apple.product-type.tool";
		};
/* End PBXNativeTarget section */

/* Begin PBXProject section */
		621A2317242A36980033E646 /* Project object */ = {
			isa = PBXProject;
			attributes = {
				LastUpgradeCheck = 1130;
				ORGANIZATIONNAME = kan.kang;
				TargetAttributes = {
					621A231E242A36980033E646 = {
						CreatedOnToolsVersion = 11.3.1;
					};
				};
			};
			buildConfigurationList = 621A231A242A36980033E646 /* Build configuration list for PBXProject "chap2_bounce" */;
			compatibilityVersion = "Xcode 9.3";
			developmentRegion = en;
			hasScannedForEncodings = 0;
			knownRegions = (
				en,
				Base,
			);
			mainGroup = 621A2316242A36980033E646;
			productRefGroup = 621A2320242A36980033E646 /* Products */;
			projectDirPath = "";
			projectRoot = "";
			targets = (
				621A231E242A36980033E646 /* chap2_bounce */,
			);
		};
/* End PBXProject section */

/* Begin PBXSourcesBuildPhase section */
		621A231B242A36980033E646 /* Sources */ = {
			isa = PBXSourcesBuildPhase;
			buildActionMask = 2147483647;
			files = (
				621A232A242A36BF0033E646 /* bounce.cpp in Sources */,
			);
			runOnlyForDeploymentPostprocessing = 0;
		};
/* End PBXSourcesBuildPhase section */

/* Begin XCBuildConfiguration section */
		621A2324242A36980033E646 /* Debug */ = {
			isa = XCBuildConfiguration;
			buildSettings = {
				ALWAYS_SEARCH_USER_PATHS = NO;
				CLANG_ANALYZER_NONNULL = YES;
				CLANG_ANALYZER_NUMBER_OBJECT_CONVERSION = YES_AGGRESSIVE;
				CLANG_CXX_LANGUAGE_STANDARD = "gnu++14";
				CLANG_CXX_LIBRARY = "libc++";
				CLANG_ENABLE_MODULES = YES;
				CLANG_ENABLE_OBJC_ARC = YES;
				CLANG_ENABLE_OBJC_WEAK = YES;
				CLANG_WARN_BLOCK_CAPTURE_AUTORELEASING = YES;
				CLANG_WARN_BOOL_CONVERSION = YES;
				CLANG_WARN_COMMA = YES;
				CLANG_WARN_CONSTANT_CONVERSION = YES;
				CLANG_WARN_DEPRECATED_OBJC_IMPLEMENTATIONS = YES;
				CLANG_WARN_DIRECT_OBJC_ISA_USAGE = YES_ERROR;
				CLANG_WARN_DOCUMENTATION_COMMENTS = YES;
				CLANG_WARN_EMPTY_BODY = YES;
				CLANG_WARN_ENUM_CONVERSION = YES;
				CLANG_WARN_INFINITE_RECURSION = YES;
				CLANG_WARN_INT_CONVERSION = YES;
				CLANG_WARN_NON_LITERAL_NULL_CONVERSION = YES;
				CLANG_WARN_OBJC_IMPLICIT_RETAIN_SELF = YES;
				CLANG_WARN_OBJC_LITERAL_CONVERSION = YES;
				CLANG_WARN_OBJC_ROOT_CLASS = YES_ERROR;
				CLANG_WARN_RANGE_LOOP_ANALYSIS = YES;
				CLANG_WARN_STRICT_PROTOTYPES = YES;
				CLANG_WARN_SUSPICIOUS_MOVE = YES;
				CLANG_WARN_UNGUARDED_AVAILABILITY = YES_AGGRESSIVE;
				CLANG_WARN_UNREACHABLE_CODE = YES;
				CLANG_WARN__DUPLICATE_METHOD_MATCH = YES;
				COPY_PHASE_STRIP = NO;
				DEBUG_INFORMATION_FORMAT = dwarf;
				ENABLE_STRICT_OBJC_MSGSEND = YES;
				ENABLE_TESTABILITY = YES;
				GCC_C_LANGUAGE_STANDARD = gnu11;
				GCC_DYNAMIC_NO_PIC = NO;
				GCC_NO_COMMON_BLOCKS = YES;
				GCC_OPTIMIZATION_LEVEL = 0;
				GCC_PREPROCESSOR_DEFINITIONS = (
					"DEBUG=1",
					"$(inherited)",
				);
				GCC_WARN_64_TO_32_BIT_CONVERSION = YES;
				GCC_WARN_ABOUT_RETURN_TYPE = YES_ERROR;
				GCC_WARN_UNDECLARED_SELECTOR = YES;
				GCC_WARN_UNINITIALIZED_AUTOS = YES_AGGRESSIVE;
				GCC_WARN_UNUSED_FUNCTION = YES;
				GCC_WARN_UNUSED_VARIABLE = YES;
				MACOSX_DEPLOYMENT_TARGET = 10.15;
				MTL_ENABLE_DEBUG_INFO = INCLUDE_SOURCE;
				MTL_FAST_MATH = YES;
				ONLY_ACTIVE_ARCH = YES;
				SDKROOT = macosx;
			};
			name = Debug;
		};
		621A2325242A36980033E646 /* Release */ = {
			isa = XCBuildConfiguration;
			buildSettings = {
				ALWAYS_SEARCH_USER_PATHS = NO;
				CLANG_ANALYZER_NONNULL = YES;
				CLANG_ANALYZER_NUMBER_OBJECT_CONVERSION = YES_AGGRESSIVE;
				CLANG_CXX_LANGUAGE_STANDARD = "gnu++14";
				CLANG_CXX_LIBRARY = "libc++";
				CLANG_ENABLE_MODULES = YES;
				CLANG_ENABLE_OBJC_ARC = YES;
				CLANG_ENABLE_OBJC_WEAK = YES;
				CLANG_WARN_BLOCK_CAPTURE_AUTORELEASING = YES;
				CLANG_WARN_BOOL_CONVERSION = YES;
				CLANG_WARN_COMMA = YES;
				CLANG_WARN_CONSTANT_CONVERSION = YES;
				CLANG_WARN_DEPRECATED_OBJC_IMPLEMENTATIONS = YES;
				CLANG_WARN_DIRECT_OBJC_ISA_USAGE = YES_ERROR;
				CLANG_WARN_DOCUMENTATION_COMMENTS = YES;
				CLANG_WARN_EMPTY_BODY = YES;
				CLANG_WARN_ENUM_CONVERSION = YES;
				CLANG_WARN_INFINITE_RECURSION = YES;
				CLANG_WARN_INT_CONVERSION = YES;
				CLANG_WARN_NON_LITERAL_NULL_CONVERSION = YES;
				CLANG_WARN_OBJC_IMPLICIT_RETAIN_SELF = YES;
				CLANG_WARN_OBJC_LITERAL_CONVERSION = YES;
				CLANG_WARN_OBJC_ROOT_CLASS = YES_ERROR;
				CLANG_WARN_RANGE_LOOP_ANALYSIS = YES;
				CLANG_WARN_STRICT_PROTOTYPES = YES;
				CLANG_WARN_SUSPICIOUS_MOVE = YES;
				CLANG_WARN_UNGUARDED_AVAILABILITY = YES_AGGRESSIVE;
				CLANG_WARN_UNREACHABLE_CODE = YES;
				CLANG_WARN__DUPLICATE_METHOD_MATCH = YES;
				COPY_PHASE_STRIP = NO;
				DEBUG_INFORMATION_FORMAT = "dwarf-with-dsym";
				ENABLE_NS_ASSERTIONS = NO;
				ENABLE_STRICT_OBJC_MSGSEND = YES;
				GCC_C_LANGUAGE_STANDARD = gnu11;
				GCC_NO_COMMON_BLOCKS = YES;
				GCC_WARN_64_TO_32_BIT_CONVERSION = YES;
				GCC_WARN_ABOUT_RETURN_TYPE = YES_ERROR;
				GCC_WARN_UNDECLARED_SELECTOR = YES;
				GCC_WARN_UNINITIALIZED_AUTOS = YES_AGGRESSIVE;
				GCC_WARN_UNUSED_FUNCTION = YES;
				GCC_WARN_UNUSED_VARIABLE = YES;
				MACOSX_DEPLOYMENT_TARGET = 10.15;
				MTL_ENABLE_DEBUG_INFO = NO;
				MTL_FAST_MATH = YES;
				SDKROOT = macosx;
			};
			name = Release;
		};
		621A2327242A36980033E646 /* Debug */ = {
			isa = XCBuildConfiguration;
			buildSettings = {
				CODE_SIGN_STYLE = Automatic;
				DEVELOPMENT_TEAM = Z9A9P5T3X6;
				ENABLE_HARDENED_RUNTIME = YES;
				HEADER_SEARCH_PATHS = ../GLTools/include;
				LIBRARY_SEARCH_PATHS = ../GLTools;
				MACOSX_DEPLOYMENT_TARGET = 10.8;
				PRODUCT_NAME = "$(TARGET_NAME)";
			};
			name = Debug;
		};
		621A2328242A36980033E646 /* Release */ = {
			isa = XCBuildConfiguration;
			buildSettings = {
				CODE_SIGN_STYLE = Automatic;
				DEVELOPMENT_TEAM = Z9A9P5T3X6;
				ENABLE_HARDENED_RUNTIME = YES;
				HEADER_SEARCH_PATHS = ../GLTools/include;
				LIBRARY_SEARCH_PATHS = ../GLTools;
				MACOSX_DEPLOYMENT_TARGET = 10.8;
				PRODUCT_NAME = "$(TARGET_NAME)";
			};
			name = Release;
		};
/* End XCBuildConfiguration section */

/* Begin XCConfigurationList section */
		621A231A242A36980033E646 /* Build configuration list for PBXProject "chap2_bounce" */ = {
			isa = XCConfigurationList;
			buildConfigurations = (
				621A2324242A36980033E646 /* Debug */,
				621A2325242A36980033E646 /* Release */,
			);
			defaultConfigurationIsVisible = 0;
			defaultConfigurationName = Release;
		};
		621A2326242A36980033E646 /* Build configuration list for PBXNativeTarget "chap2_bounce" */ = {
			isa = XCConfigurationList;
			buildConfigurations = (
				621A2327242A36980033E646 /* Debug */,
				621A2328242A36980033E646 /* Release */,
			);
			defaultConfigurationIsVisible = 0;
			defaultConfigurationName = Release;
		};
/* End XCConfigurationList section */
	};
	rootObject = 621A2317242A36980033E646 /* Project object */;
}
