// !$*UTF8*$!
{
	archiveVersion = 1;
	classes = {
	};
	objectVersion = 50;
	objects = {

/* Begin PBXBuildFile section */
		621A22BB242A02150033E646 /* triangle.cpp in Sources */ = {isa = PBXBuildFile; fileRef = 621A22BA242A02150033E646 /* triangle.cpp */; };
		621A22DB242A03300033E646 /* OpenGL.framework in Frameworks */ = {isa = PBXBuildFile; fileRef = 621A22DA242A03300033E646 /* OpenGL.framework */; };
		621A22DF242A17810033E646 /* GLUT.framework in Frameworks */ = {isa = PBXBuildFile; fileRef = 621A22DC242A03360033E646 /* GLUT.framework */; };
		621A22E0242A17990033E646 /* libGLTools.a in Frameworks */ = {isa = PBXBuildFile; fileRef = 621A22D8242A024F0033E646 /* libGLTools.a */; };
/* End PBXBuildFile section */

/* Begin PBXCopyFilesBuildPhase section */
		621A22B5242A02150033E646 /* CopyFiles */ = {
			isa = PBXCopyFilesBuildPhase;
			buildActionMask = 2147483647;
			dstPath = /usr/share/man/man1/;
			dstSubfolderSpec = 0;
			files = (
			);
			runOnlyForDeploymentPostprocessing = 1;
		};
/* End PBXCopyFilesBuildPhase section */

/* Begin PBXFileReference section */
		621A22B7242A02150033E646 /* chap2_triangle */ = {isa = PBXFileReference; explicitFileType = "compiled.mach-o.executable"; includeInIndex = 0; path = chap2_triangle; sourceTree = BUILT_PRODUCTS_DIR; };
		621A22BA242A02150033E646 /* triangle.cpp */ = {isa = PBXFileReference; lastKnownFileType = sourcecode.cpp.cpp; path = triangle.cpp; sourceTree = "<group>"; };
		621A22C9242A024F0033E646 /* GLBatchBase.h */ = {isa = PBXFileReference; lastKnownFileType = sourcecode.c.h; path = GLBatchBase.h; sourceTree = "<group>"; };
		621A22CA242A024F0033E646 /* math3d.h */ = {isa = PBXFileReference; lastKnownFileType = sourcecode.c.h; path = math3d.h; sourceTree = "<group>"; };
		621A22CB242A024F0033E646 /* GLTriangleBatch.h */ = {isa = PBXFileReference; lastKnownFileType = sourcecode.c.h; path = GLTriangleBatch.h; sourceTree = "<group>"; };
		621A22CC242A024F0033E646 /* GLBatch.h */ = {isa = PBXFileReference; lastKnownFileType = sourcecode.c.h; path = GLBatch.h; sourceTree = "<group>"; };
		621A22CD242A024F0033E646 /* GLMatrixStack.h */ = {isa = PBXFileReference; lastKnownFileType = sourcecode.c.h; path = GLMatrixStack.h; sourceTree = "<group>"; };
		621A22CE242A024F0033E646 /* GLFrame.h */ = {isa = PBXFileReference; lastKnownFileType = sourcecode.c.h; path = GLFrame.h; sourceTree = "<group>"; };
		621A22CF242A024F0033E646 /* GLFrustum.h */ = {isa = PBXFileReference; lastKnownFileType = sourcecode.c.h; path = GLFrustum.h; sourceTree = "<group>"; };
		621A22D0242A024F0033E646 /* GLGeometryTransform.h */ = {isa = PBXFileReference; lastKnownFileType = sourcecode.c.h; path = GLGeometryTransform.h; sourceTree = "<group>"; };
		621A22D1242A024F0033E646 /* GLShaderManager.h */ = {isa = PBXFileReference; lastKnownFileType = sourcecode.c.h; path = GLShaderManager.h; sourceTree = "<group>"; };
		621A22D2242A024F0033E646 /* StopWatch.h */ = {isa = PBXFileReference; lastKnownFileType = sourcecode.c.h; path = StopWatch.h; sourceTree = "<group>"; };
		621A22D4242A024F0033E646 /* glxew.h */ = {isa = PBXFileReference; lastKnownFileType = sourcecode.c.h; path = glxew.h; sourceTree = "<group>"; };
		621A22D5242A024F0033E646 /* wglew.h */ = {isa = PBXFileReference; lastKnownFileType = sourcecode.c.h; path = wglew.h; sourceTree = "<group>"; };
		621A22D6242A024F0033E646 /* glew.h */ = {isa = PBXFileReference; lastKnownFileType = sourcecode.c.h; path = glew.h; sourceTree = "<group>"; };
		621A22D7242A024F0033E646 /* GLTools.h */ = {isa = PBXFileReference; lastKnownFileType = sourcecode.c.h; path = GLTools.h; sourceTree = "<group>"; };
		621A22D8242A024F0033E646 /* libGLTools.a */ = {isa = PBXFileReference; lastKnownFileType = archive.ar; path = libGLTools.a; sourceTree = "<group>"; };
		621A22DA242A03300033E646 /* OpenGL.framework */ = {isa = PBXFileReference; lastKnownFileType = wrapper.framework; name = OpenGL.framework; path = System/Library/Frameworks/OpenGL.framework; sourceTree = SDKROOT; };
		621A22DC242A03360033E646 /* GLUT.framework */ = {isa = PBXFileReference; lastKnownFileType = wrapper.framework; name = GLUT.framework; path = System/Library/Frameworks/GLUT.framework; sourceTree = SDKROOT; };
/* End PBXFileReference section */

/* Begin PBXFrameworksBuildPhase section */
		621A22B4242A02150033E646 /* Frameworks */ = {
			isa = PBXFrameworksBuildPhase;
			buildActionMask = 2147483647;
			files = (
				621A22E0242A17990033E646 /* libGLTools.a in Frameworks */,
				621A22DB242A03300033E646 /* OpenGL.framework in Frameworks */,
				621A22DF242A17810033E646 /* GLUT.framework in Frameworks */,
			);
			runOnlyForDeploymentPostprocessing = 0;
		};
/* End PBXFrameworksBuildPhase section */

/* Begin PBXGroup section */
		621A22AE242A02150033E646 = {
			isa = PBXGroup;
			children = (
				621A22C7242A024F0033E646 /* GLTools */,
				621A22B9242A02150033E646 /* chap2_triangle */,
				621A22B8242A02150033E646 /* Products */,
				621A22D9242A03300033E646 /* Frameworks */,
			);
			sourceTree = "<group>";
		};
		621A22B8242A02150033E646 /* Products */ = {
			isa = PBXGroup;
			children = (
				621A22B7242A02150033E646 /* chap2_triangle */,
			);
			name = Products;
			sourceTree = "<group>";
		};
		621A22B9242A02150033E646 /* chap2_triangle */ = {
			isa = PBXGroup;
			children = (
				621A22BA242A02150033E646 /* triangle.cpp */,
			);
			path = chap2_triangle;
			sourceTree = "<group>";
		};
		621A22C7242A024F0033E646 /* GLTools */ = {
			isa = PBXGroup;
			children = (
				621A22C8242A024F0033E646 /* include */,
				621A22D8242A024F0033E646 /* libGLTools.a */,
			);
			name = GLTools;
			path = ../GLTools;
			sourceTree = "<group>";
		};
		621A22C8242A024F0033E646 /* include */ = {
			isa = PBXGroup;
			children = (
				621A22C9242A024F0033E646 /* GLBatchBase.h */,
				621A22CA242A024F0033E646 /* math3d.h */,
				621A22CB242A024F0033E646 /* GLTriangleBatch.h */,
				621A22CC242A024F0033E646 /* GLBatch.h */,
				621A22CD242A024F0033E646 /* GLMatrixStack.h */,
				621A22CE242A024F0033E646 /* GLFrame.h */,
				621A22CF242A024F0033E646 /* GLFrustum.h */,
				621A22D0242A024F0033E646 /* GLGeometryTransform.h */,
				621A22D1242A024F0033E646 /* GLShaderManager.h */,
				621A22D2242A024F0033E646 /* StopWatch.h */,
				621A22D3242A024F0033E646 /* GL */,
				621A22D7242A024F0033E646 /* GLTools.h */,
			);
			path = include;
			sourceTree = "<group>";
		};
		621A22D3242A024F0033E646 /* GL */ = {
			isa = PBXGroup;
			children = (
				621A22D4242A024F0033E646 /* glxew.h */,
				621A22D5242A024F0033E646 /* wglew.h */,
				621A22D6242A024F0033E646 /* glew.h */,
			);
			path = GL;
			sourceTree = "<group>";
		};
		621A22D9242A03300033E646 /* Frameworks */ = {
			isa = PBXGroup;
			children = (
				621A22DC242A03360033E646 /* GLUT.framework */,
				621A22DA242A03300033E646 /* OpenGL.framework */,
			);
			name = Frameworks;
			sourceTree = "<group>";
		};
/* End PBXGroup section */

/* Begin PBXNativeTarget section */
		621A22B6242A02150033E646 /* chap2_triangle */ = {
			isa = PBXNativeTarget;
			buildConfigurationList = 621A22BE242A02150033E646 /* Build configuration list for PBXNativeTarget "chap2_triangle" */;
			buildPhases = (
				621A22B3242A02150033E646 /* Sources */,
				621A22B4242A02150033E646 /* Frameworks */,
				621A22B5242A02150033E646 /* CopyFiles */,
			);
			buildRules = (
			);
			dependencies = (
			);
			name = chap2_triangle;
			productName = chap2_triangle;
			productReference = 621A22B7242A02150033E646 /* chap2_triangle */;
			productType = "com.apple.product-type.tool";
		};
/* End PBXNativeTarget section */

/* Begin PBXProject section */
		621A22AF242A02150033E646 /* Project object */ = {
			isa = PBXProject;
			attributes = {
				LastUpgradeCheck = 1130;
				ORGANIZATIONNAME = kan.kang;
				TargetAttributes = {
					621A22B6242A02150033E646 = {
						CreatedOnToolsVersion = 11.3.1;
					};
				};
			};
			buildConfigurationList = 621A22B2242A02150033E646 /* Build configuration list for PBXProject "chap2_triangle" */;
			compatibilityVersion = "Xcode 9.3";
			developmentRegion = en;
			hasScannedForEncodings = 0;
			knownRegions = (
				en,
				Base,
			);
			mainGroup = 621A22AE242A02150033E646;
			productRefGroup = 621A22B8242A02150033E646 /* Products */;
			projectDirPath = "";
			projectRoot = "";
			targets = (
				621A22B6242A02150033E646 /* chap2_triangle */,
			);
		};
/* End PBXProject section */

/* Begin PBXSourcesBuildPhase section */
		621A22B3242A02150033E646 /* Sources */ = {
			isa = PBXSourcesBuildPhase;
			buildActionMask = 2147483647;
			files = (
				621A22BB242A02150033E646 /* triangle.cpp in Sources */,
			);
			runOnlyForDeploymentPostprocessing = 0;
		};
/* End PBXSourcesBuildPhase section */

/* Begin XCBuildConfiguration section */
		621A22BC242A02150033E646 /* Debug */ = {
			isa = XCBuildConfiguration;
			buildSettings = {
				ALWAYS_SEARCH_USER_PATHS = NO;
				CLANG_ANALYZER_NONNULL = YES;
				CLANG_ANALYZER_NUMBER_OBJECT_CONVERSION = YES_AGGRESSIVE;
				CLANG_CXX_LANGUAGE_STANDARD = "gnu++14";
				CLANG_CXX_LIBRARY = "libc++";
				CLANG_ENABLE_MODULES = YES;
				CLANG_ENABLE_OBJC_ARC = YES;
				CLANG_ENABLE_OBJC_WEAK = YES;
				CLANG_WARN_BLOCK_CAPTURE_AUTORELEASING = YES;
				CLANG_WARN_BOOL_CONVERSION = YES;
				CLANG_WARN_COMMA = YES;
				CLANG_WARN_CONSTANT_CONVERSION = YES;
				CLANG_WARN_DEPRECATED_OBJC_IMPLEMENTATIONS = YES;
				CLANG_WARN_DIRECT_OBJC_ISA_USAGE = YES_ERROR;
				CLANG_WARN_DOCUMENTATION_COMMENTS = YES;
				CLANG_WARN_EMPTY_BODY = YES;
				CLANG_WARN_ENUM_CONVERSION = YES;
				CLANG_WARN_INFINITE_RECURSION = YES;
				CLANG_WARN_INT_CONVERSION = YES;
				CLANG_WARN_NON_LITERAL_NULL_CONVERSION = YES;
				CLANG_WARN_OBJC_IMPLICIT_RETAIN_SELF = YES;
				CLANG_WARN_OBJC_LITERAL_CONVERSION = YES;
				CLANG_WARN_OBJC_ROOT_CLASS = YES_ERROR;
				CLANG_WARN_RANGE_LOOP_ANALYSIS = YES;
				CLANG_WARN_STRICT_PROTOTYPES = YES;
				CLANG_WARN_SUSPICIOUS_MOVE = YES;
				CLANG_WARN_UNGUARDED_AVAILABILITY = YES_AGGRESSIVE;
				CLANG_WARN_UNREACHABLE_CODE = YES;
				CLANG_WARN__DUPLICATE_METHOD_MATCH = YES;
				COPY_PHASE_STRIP = NO;
				DEBUG_INFORMATION_FORMAT = dwarf;
				ENABLE_STRICT_OBJC_MSGSEND = YES;
				ENABLE_TESTABILITY = YES;
				GCC_C_LANGUAGE_STANDARD = gnu11;
				GCC_DYNAMIC_NO_PIC = NO;
				GCC_NO_COMMON_BLOCKS = YES;
				GCC_OPTIMIZATION_LEVEL = 0;
				GCC_PREPROCESSOR_DEFINITIONS = (
					"DEBUG=1",
					"$(inherited)",
				);
				GCC_WARN_64_TO_32_BIT_CONVERSION = YES;
				GCC_WARN_ABOUT_RETURN_TYPE = YES_ERROR;
				GCC_WARN_UNDECLARED_SELECTOR = YES;
				GCC_WARN_UNINITIALIZED_AUTOS = YES_AGGRESSIVE;
				GCC_WARN_UNUSED_FUNCTION = YES;
				GCC_WARN_UNUSED_VARIABLE = YES;
				MACOSX_DEPLOYMENT_TARGET = 10.15;
				MTL_ENABLE_DEBUG_INFO = INCLUDE_SOURCE;
				MTL_FAST_MATH = YES;
				ONLY_ACTIVE_ARCH = YES;
				SDKROOT = macosx;
			};
			name = Debug;
		};
		621A22BD242A02150033E646 /* Release */ = {
			isa = XCBuildConfiguration;
			buildSettings = {
				ALWAYS_SEARCH_USER_PATHS = NO;
				CLANG_ANALYZER_NONNULL = YES;
				CLANG_ANALYZER_NUMBER_OBJECT_CONVERSION = YES_AGGRESSIVE;
				CLANG_CXX_LANGUAGE_STANDARD = "gnu++14";
				CLANG_CXX_LIBRARY = "libc++";
				CLANG_ENABLE_MODULES = YES;
				CLANG_ENABLE_OBJC_ARC = YES;
				CLANG_ENABLE_OBJC_WEAK = YES;
				CLANG_WARN_BLOCK_CAPTURE_AUTORELEASING = YES;
				CLANG_WARN_BOOL_CONVERSION = YES;
				CLANG_WARN_COMMA = YES;
				CLANG_WARN_CONSTANT_CONVERSION = YES;
				CLANG_WARN_DEPRECATED_OBJC_IMPLEMENTATIONS = YES;
				CLANG_WARN_DIRECT_OBJC_ISA_USAGE = YES_ERROR;
				CLANG_WARN_DOCUMENTATION_COMMENTS = YES;
				CLANG_WARN_EMPTY_BODY = YES;
				CLANG_WARN_ENUM_CONVERSION = YES;
				CLANG_WARN_INFINITE_RECURSION = YES;
				CLANG_WARN_INT_CONVERSION = YES;
				CLANG_WARN_NON_LITERAL_NULL_CONVERSION = YES;
				CLANG_WARN_OBJC_IMPLICIT_RETAIN_SELF = YES;
				CLANG_WARN_OBJC_LITERAL_CONVERSION = YES;
				CLANG_WARN_OBJC_ROOT_CLASS = YES_ERROR;
				CLANG_WARN_RANGE_LOOP_ANALYSIS = YES;
				CLANG_WARN_STRICT_PROTOTYPES = YES;
				CLANG_WARN_SUSPICIOUS_MOVE = YES;
				CLANG_WARN_UNGUARDED_AVAILABILITY = YES_AGGRESSIVE;
				CLANG_WARN_UNREACHABLE_CODE = YES;
				CLANG_WARN__DUPLICATE_METHOD_MATCH = YES;
				COPY_PHASE_STRIP = NO;
				DEBUG_INFORMATION_FORMAT = "dwarf-with-dsym";
				ENABLE_NS_ASSERTIONS = NO;
				ENABLE_STRICT_OBJC_MSGSEND = YES;
				GCC_C_LANGUAGE_STANDARD = gnu11;
				GCC_NO_COMMON_BLOCKS = YES;
				GCC_WARN_64_TO_32_BIT_CONVERSION = YES;
				GCC_WARN_ABOUT_RETURN_TYPE = YES_ERROR;
				GCC_WARN_UNDECLARED_SELECTOR = YES;
				GCC_WARN_UNINITIALIZED_AUTOS = YES_AGGRESSIVE;
				GCC_WARN_UNUSED_FUNCTION = YES;
				GCC_WARN_UNUSED_VARIABLE = YES;
				MACOSX_DEPLOYMENT_TARGET = 10.15;
				MTL_ENABLE_DEBUG_INFO = NO;
				MTL_FAST_MATH = YES;
				SDKROOT = macosx;
			};
			name = Release;
		};
		621A22BF242A02150033E646 /* Debug */ = {
			isa = XCBuildConfiguration;
			buildSettings = {
				CODE_SIGN_STYLE = Automatic;
				DEVELOPMENT_TEAM = Z9A9P5T3X6;
				ENABLE_HARDENED_RUNTIME = YES;
				HEADER_SEARCH_PATHS = ../GLTools/include;
				LIBRARY_SEARCH_PATHS = ../GLTools;
				MACOSX_DEPLOYMENT_TARGET = 10.8;
				PRODUCT_NAME = "$(TARGET_NAME)";
			};
			name = Debug;
		};
		621A22C0242A02150033E646 /* Release */ = {
			isa = XCBuildConfiguration;
			buildSettings = {
				CODE_SIGN_STYLE = Automatic;
				DEVELOPMENT_TEAM = Z9A9P5T3X6;
				ENABLE_HARDENED_RUNTIME = YES;
				HEADER_SEARCH_PATHS = ../GLTools/include;
				LIBRARY_SEARCH_PATHS = ../GLTools;
				MACOSX_DEPLOYMENT_TARGET = 10.8;
				PRODUCT_NAME = "$(TARGET_NAME)";
			};
			name = Release;
		};
/* End XCBuildConfiguration section */

/* Begin XCConfigurationList section */
		621A22B2242A02150033E646 /* Build configuration list for PBXProject "chap2_triangle" */ = {
			isa = XCConfigurationList;
			buildConfigurations = (
				621A22BC242A02150033E646 /* Debug */,
				621A22BD242A02150033E646 /* Release */,
			);
			defaultConfigurationIsVisible = 0;
			defaultConfigurationName = Release;
		};
		621A22BE242A02150033E646 /* Build configuration list for PBXNativeTarget "chap2_triangle" */ = {
			isa = XCConfigurationList;
			buildConfigurations = (
				621A22BF242A02150033E646 /* Debug */,
				621A22C0242A02150033E646 /* Release */,
			);
			defaultConfigurationIsVisible = 0;
			defaultConfigurationName = Release;
		};
/* End XCConfigurationList section */
	};
	rootObject = 621A22AF242A02150033E646 /* Project object */;
}
